{
  "nodes": {
    "disko": {
      "inputs": {
        "nixpkgs": [
          "nixpkgs"
        ]
      },
      "locked": {
<<<<<<< HEAD
        "lastModified": 1738148035,
        "narHash": "sha256-KYOATYEwaKysL3HdHdS5kbQMXvzS4iPJzJrML+3TKAo=",
        "owner": "nix-community",
        "repo": "disko",
        "rev": "18d0a984cc2bc82cf61df19523a34ad463aa7f54",
=======
        "lastModified": 1739353546,
        "narHash": "sha256-YTqXhBZvCdZLMBupWlCDvRFaTEhaHa2/Xc/p1sUdSZU=",
        "owner": "nix-community",
        "repo": "disko",
        "rev": "26ade1005191e0602a78b0f141970648445bafd9",
>>>>>>> 1d060f7 (Update flack lock)
        "type": "github"
      },
      "original": {
        "owner": "nix-community",
        "repo": "disko",
        "type": "github"
      }
    },
    "nixpkgs": {
      "locked": {
<<<<<<< HEAD
        "lastModified": 1738163270,
        "narHash": "sha256-B/7Y1v4y+msFFBW1JAdFjNvVthvNdJKiN6EGRPnqfno=",
        "owner": "NixOS",
        "repo": "nixpkgs",
        "rev": "59e618d90c065f55ae48446f307e8c09565d5ab0",
=======
        "lastModified": 1739206421,
        "narHash": "sha256-PwQASeL2cGVmrtQYlrBur0U20Xy07uSWVnFup2PHnDs=",
        "owner": "NixOS",
        "repo": "nixpkgs",
        "rev": "44534bc021b85c8d78e465021e21f33b856e2540",
>>>>>>> 1d060f7 (Update flack lock)
        "type": "github"
      },
      "original": {
        "owner": "NixOS",
        "ref": "nixos-24.11",
        "repo": "nixpkgs",
        "type": "github"
      }
    },
    "root": {
      "inputs": {
        "disko": "disko",
        "nixpkgs": "nixpkgs"
      }
    }
  },
  "root": "root",
  "version": 7
}
